
Microsoft Visual Studio Solution File, Format Version 12.00
# Visual Studio Version 17
VisualStudioVersion = 17.0.31903.59
MinimumVisualStudioVersion = 10.0.40219.1
Project("{2150E333-8FDC-42A3-9474-1A3956D46DE8}") = "src", "src", "{02EA681E-C7D8-13C7-8484-4AC65E1B71E8}"
EndProject
Project("{FAE04EC0-301F-11D3-BF4B-00C04F79EFBC}") = "GadgetLand.Mvc", "GadgetLand.Mvc\GadgetLand.Mvc.csproj", "{3E001361-EE2E-4DAC-AA8B-1DBED00B73E4}"
EndProject
Project("{FAE04EC0-301F-11D3-BF4B-00C04F79EFBC}") = "GadgetLand.Infrastructure", "GadgetLand.Infrastructure\GadgetLand.Infrastructure.csproj", "{A42EA449-7154-44FA-9C03-7359B28B28C7}"
EndProject
Project("{FAE04EC0-301F-11D3-BF4B-00C04F79EFBC}") = "GadgetLand.Application", "GadgetLand.Application\GadgetLand.Application.csproj", "{1EE783E8-A996-41AF-ACFD-A8936062942E}"
EndProject
Project("{FAE04EC0-301F-11D3-BF4B-00C04F79EFBC}") = "GadgetLand.Domain", "GadgetLand.Domain\GadgetLand.Domain.csproj", "{CEF6A8FF-6DD5-47BB-8460-EE57A0CB9ED8}"
EndProject
Global
	GlobalSection(SolutionConfigurationPlatforms) = preSolution
		Debug|Any CPU = Debug|Any CPU
		Release|Any CPU = Release|Any CPU
	EndGlobalSection
	GlobalSection(ProjectConfigurationPlatforms) = postSolution
		{3E001361-EE2E-4DAC-AA8B-1DBED00B73E4}.Debug|Any CPU.ActiveCfg = Debug|Any CPU
		{3E001361-EE2E-4DAC-AA8B-1DBED00B73E4}.Debug|Any CPU.Build.0 = Debug|Any CPU
		{3E001361-EE2E-4DAC-AA8B-1DBED00B73E4}.Release|Any CPU.ActiveCfg = Release|Any CPU
		{3E001361-EE2E-4DAC-AA8B-1DBED00B73E4}.Release|Any CPU.Build.0 = Release|Any CPU
		{A42EA449-7154-44FA-9C03-7359B28B28C7}.Debug|Any CPU.ActiveCfg = Debug|Any CPU
		{A42EA449-7154-44FA-9C03-7359B28B28C7}.Debug|Any CPU.Build.0 = Debug|Any CPU
		{A42EA449-7154-44FA-9C03-7359B28B28C7}.Release|Any CPU.ActiveCfg = Release|Any CPU
		{A42EA449-7154-44FA-9C03-7359B28B28C7}.Release|Any CPU.Build.0 = Release|Any CPU
		{1EE783E8-A996-41AF-ACFD-A8936062942E}.Debug|Any CPU.ActiveCfg = Debug|Any CPU
		{1EE783E8-A996-41AF-ACFD-A8936062942E}.Debug|Any CPU.Build.0 = Debug|Any CPU
		{1EE783E8-A996-41AF-ACFD-A8936062942E}.Release|Any CPU.ActiveCfg = Release|Any CPU
		{1EE783E8-A996-41AF-ACFD-A8936062942E}.Release|Any CPU.Build.0 = Release|Any CPU
		{CEF6A8FF-6DD5-47BB-8460-EE57A0CB9ED8}.Debug|Any CPU.ActiveCfg = Debug|Any CPU
		{CEF6A8FF-6DD5-47BB-8460-EE57A0CB9ED8}.Debug|Any CPU.Build.0 = Debug|Any CPU
		{CEF6A8FF-6DD5-47BB-8460-EE57A0CB9ED8}.Release|Any CPU.ActiveCfg = Release|Any CPU
		{CEF6A8FF-6DD5-47BB-8460-EE57A0CB9ED8}.Release|Any CPU.Build.0 = Release|Any CPU
	EndGlobalSection
	GlobalSection(SolutionProperties) = preSolution
		HideSolutionNode = FALSE
	EndGlobalSection
	GlobalSection(NestedProjects) = preSolution
		{3E001361-EE2E-4DAC-AA8B-1DBED00B73E4} = {02EA681E-C7D8-13C7-8484-4AC65E1B71E8}
		{A42EA449-7154-44FA-9C03-7359B28B28C7} = {02EA681E-C7D8-13C7-8484-4AC65E1B71E8}
		{1EE783E8-A996-41AF-ACFD-A8936062942E} = {02EA681E-C7D8-13C7-8484-4AC65E1B71E8}
		{CEF6A8FF-6DD5-47BB-8460-EE57A0CB9ED8} = {02EA681E-C7D8-13C7-8484-4AC65E1B71E8}
	EndGlobalSection
	GlobalSection(ExtensibilityGlobals) = postSolution
		SolutionGuid = {CEDF9A92-28D3-4AAB-AE1A-D4D75466468D}
	EndGlobalSection
EndGlobal
